
Microsoft Visual Studio Solution File, Format Version 12.00
# Visual Studio Version 17
VisualStudioVersion = 17.2.32630.192
MinimumVisualStudioVersion = 10.0.40219.1
Project("{FAE04EC0-301F-11D3-BF4B-00C04F79EFBC}") = "Loja_Produtos", "Loja_Produtos.csproj", "{1163B98C-1B00-419A-8B26-9B9EDB1E1D18}"
EndProject
Global
	GlobalSection(SolutionConfigurationPlatforms) = preSolution
		Debug|Any CPU = Debug|Any CPU
		Release|Any CPU = Release|Any CPU
	EndGlobalSection
	GlobalSection(ProjectConfigurationPlatforms) = postSolution
		{1163B98C-1B00-419A-8B26-9B9EDB1E1D18}.Debug|Any CPU.ActiveCfg = Debug|Any CPU
		{1163B98C-1B00-419A-8B26-9B9EDB1E1D18}.Debug|Any CPU.Build.0 = Debug|Any CPU
		{1163B98C-1B00-419A-8B26-9B9EDB1E1D18}.Release|Any CPU.ActiveCfg = Release|Any CPU
		{1163B98C-1B00-419A-8B26-9B9EDB1E1D18}.Release|Any CPU.Build.0 = Release|Any CPU
	EndGlobalSection
	GlobalSection(SolutionProperties) = preSolution
		HideSolutionNode = FALSE
	EndGlobalSection
	GlobalSection(ExtensibilityGlobals) = postSolution
		SolutionGuid = {C90FA8ED-F193-4B1D-A7C3-A52EDE948724}
	EndGlobalSection
EndGlobal
